// !$*UTF8*$!
{
	archiveVersion = 1;
	classes = {
	};
	objectVersion = 50;
	objects = {

/* Begin PBXBuildFile section */
		BF158D72239A3064000357F3 /* AppDelegate.swift in Sources */ = {isa = PBXBuildFile; fileRef = BF158D71239A3064000357F3 /* AppDelegate.swift */; };
		BF158D74239A3064000357F3 /* SceneDelegate.swift in Sources */ = {isa = PBXBuildFile; fileRef = BF158D73239A3064000357F3 /* SceneDelegate.swift */; };
		BF158D76239A3064000357F3 /* ViewController.swift in Sources */ = {isa = PBXBuildFile; fileRef = BF158D75239A3064000357F3 /* ViewController.swift */; };
		BF158D79239A3064000357F3 /* Main.storyboard in Resources */ = {isa = PBXBuildFile; fileRef = BF158D77239A3064000357F3 /* Main.storyboard */; };
		BF158D7B239A306A000357F3 /* Assets.xcassets in Resources */ = {isa = PBXBuildFile; fileRef = BF158D7A239A306A000357F3 /* Assets.xcassets */; };
		BF158D7E239A306A000357F3 /* LaunchScreen.storyboard in Resources */ = {isa = PBXBuildFile; fileRef = BF158D7C239A306A000357F3 /* LaunchScreen.storyboard */; };
		BF158D89239A306A000357F3 /* ParkedTests.swift in Sources */ = {isa = PBXBuildFile; fileRef = BF158D88239A306A000357F3 /* ParkedTests.swift */; };
		BF158D94239A306B000357F3 /* ParkedUITests.swift in Sources */ = {isa = PBXBuildFile; fileRef = BF158D93239A306B000357F3 /* ParkedUITests.swift */; };
/* End PBXBuildFile section */

/* Begin PBXContainerItemProxy section */
		BF158D85239A306A000357F3 /* PBXContainerItemProxy */ = {
			isa = PBXContainerItemProxy;
			containerPortal = BF158D66239A3064000357F3 /* Project object */;
			proxyType = 1;
			remoteGlobalIDString = BF158D6D239A3064000357F3;
			remoteInfo = Parked;
		};
		BF158D90239A306B000357F3 /* PBXContainerItemProxy */ = {
			isa = PBXContainerItemProxy;
			containerPortal = BF158D66239A3064000357F3 /* Project object */;
			proxyType = 1;
			remoteGlobalIDString = BF158D6D239A3064000357F3;
			remoteInfo = Parked;
		};
/* End PBXContainerItemProxy section */

/* Begin PBXFileReference section */
		BF158D6E239A3064000357F3 /* Parked.app */ = {isa = PBXFileReference; explicitFileType = wrapper.application; includeInIndex = 0; path = Parked.app; sourceTree = BUILT_PRODUCTS_DIR; };
		BF158D71239A3064000357F3 /* AppDelegate.swift */ = {isa = PBXFileReference; lastKnownFileType = sourcecode.swift; path = AppDelegate.swift; sourceTree = "<group>"; };
		BF158D73239A3064000357F3 /* SceneDelegate.swift */ = {isa = PBXFileReference; lastKnownFileType = sourcecode.swift; path = SceneDelegate.swift; sourceTree = "<group>"; };
		BF158D75239A3064000357F3 /* ViewController.swift */ = {isa = PBXFileReference; lastKnownFileType = sourcecode.swift; path = ViewController.swift; sourceTree = "<group>"; };
		BF158D78239A3064000357F3 /* Base */ = {isa = PBXFileReference; lastKnownFileType = file.storyboard; name = Base; path = Base.lproj/Main.storyboard; sourceTree = "<group>"; };
		BF158D7A239A306A000357F3 /* Assets.xcassets */ = {isa = PBXFileReference; lastKnownFileType = folder.assetcatalog; path = Assets.xcassets; sourceTree = "<group>"; };
		BF158D7D239A306A000357F3 /* Base */ = {isa = PBXFileReference; lastKnownFileType = file.storyboard; name = Base; path = Base.lproj/LaunchScreen.storyboard; sourceTree = "<group>"; };
		BF158D7F239A306A000357F3 /* Info.plist */ = {isa = PBXFileReference; lastKnownFileType = text.plist.xml; path = Info.plist; sourceTree = "<group>"; };
		BF158D84239A306A000357F3 /* ParkedTests.xctest */ = {isa = PBXFileReference; explicitFileType = wrapper.cfbundle; includeInIndex = 0; path = ParkedTests.xctest; sourceTree = BUILT_PRODUCTS_DIR; };
		BF158D88239A306A000357F3 /* ParkedTests.swift */ = {isa = PBXFileReference; lastKnownFileType = sourcecode.swift; path = ParkedTests.swift; sourceTree = "<group>"; };
		BF158D8A239A306B000357F3 /* Info.plist */ = {isa = PBXFileReference; lastKnownFileType = text.plist.xml; path = Info.plist; sourceTree = "<group>"; };
		BF158D8F239A306B000357F3 /* ParkedUITests.xctest */ = {isa = PBXFileReference; explicitFileType = wrapper.cfbundle; includeInIndex = 0; path = ParkedUITests.xctest; sourceTree = BUILT_PRODUCTS_DIR; };
		BF158D93239A306B000357F3 /* ParkedUITests.swift */ = {isa = PBXFileReference; lastKnownFileType = sourcecode.swift; path = ParkedUITests.swift; sourceTree = "<group>"; };
		BF158D95239A306B000357F3 /* Info.plist */ = {isa = PBXFileReference; lastKnownFileType = text.plist.xml; path = Info.plist; sourceTree = "<group>"; };
/* End PBXFileReference section */

/* Begin PBXFrameworksBuildPhase section */
		BF158D6B239A3064000357F3 /* Frameworks */ = {
			isa = PBXFrameworksBuildPhase;
			buildActionMask = 2147483647;
			files = (
			);
			runOnlyForDeploymentPostprocessing = 0;
		};
		BF158D81239A306A000357F3 /* Frameworks */ = {
			isa = PBXFrameworksBuildPhase;
			buildActionMask = 2147483647;
			files = (
			);
			runOnlyForDeploymentPostprocessing = 0;
		};
		BF158D8C239A306B000357F3 /* Frameworks */ = {
			isa = PBXFrameworksBuildPhase;
			buildActionMask = 2147483647;
			files = (
			);
			runOnlyForDeploymentPostprocessing = 0;
		};
/* End PBXFrameworksBuildPhase section */

/* Begin PBXGroup section */
		BF158D65239A3064000357F3 = {
			isa = PBXGroup;
			children = (
				BF158D70239A3064000357F3 /* Parked */,
				BF158D87239A306A000357F3 /* ParkedTests */,
				BF158D92239A306B000357F3 /* ParkedUITests */,
				BF158D6F239A3064000357F3 /* Products */,
			);
			sourceTree = "<group>";
		};
		BF158D6F239A3064000357F3 /* Products */ = {
			isa = PBXGroup;
			children = (
				BF158D6E239A3064000357F3 /* Parked.app */,
				BF158D84239A306A000357F3 /* ParkedTests.xctest */,
				BF158D8F239A306B000357F3 /* ParkedUITests.xctest */,
			);
			name = Products;
			sourceTree = "<group>";
		};
		BF158D70239A3064000357F3 /* Parked */ = {
			isa = PBXGroup;
			children = (
				BF158D71239A3064000357F3 /* AppDelegate.swift */,
				BF158D73239A3064000357F3 /* SceneDelegate.swift */,
				BF158D75239A3064000357F3 /* ViewController.swift */,
				BF158D77239A3064000357F3 /* Main.storyboard */,
				BF158D7A239A306A000357F3 /* Assets.xcassets */,
				BF158D7C239A306A000357F3 /* LaunchScreen.storyboard */,
				BF158D7F239A306A000357F3 /* Info.plist */,
			);
			path = Parked;
			sourceTree = "<group>";
		};
		BF158D87239A306A000357F3 /* ParkedTests */ = {
			isa = PBXGroup;
			children = (
				BF158D88239A306A000357F3 /* ParkedTests.swift */,
				BF158D8A239A306B000357F3 /* Info.plist */,
			);
			path = ParkedTests;
			sourceTree = "<group>";
		};
		BF158D92239A306B000357F3 /* ParkedUITests */ = {
			isa = PBXGroup;
			children = (
				BF158D93239A306B000357F3 /* ParkedUITests.swift */,
				BF158D95239A306B000357F3 /* Info.plist */,
			);
			path = ParkedUITests;
			sourceTree = "<group>";
		};
/* End PBXGroup section */

/* Begin PBXNativeTarget section */
		BF158D6D239A3064000357F3 /* Parked */ = {
			isa = PBXNativeTarget;
			buildConfigurationList = BF158D98239A306B000357F3 /* Build configuration list for PBXNativeTarget "Parked" */;
			buildPhases = (
				BF158D6A239A3064000357F3 /* Sources */,
				BF158D6B239A3064000357F3 /* Frameworks */,
				BF158D6C239A3064000357F3 /* Resources */,
			);
			buildRules = (
			);
			dependencies = (
			);
			name = Parked;
			productName = Parked;
			productReference = BF158D6E239A3064000357F3 /* Parked.app */;
			productType = "com.apple.product-type.application";
		};
		BF158D83239A306A000357F3 /* ParkedTests */ = {
			isa = PBXNativeTarget;
			buildConfigurationList = BF158D9B239A306B000357F3 /* Build configuration list for PBXNativeTarget "ParkedTests" */;
			buildPhases = (
				BF158D80239A306A000357F3 /* Sources */,
				BF158D81239A306A000357F3 /* Frameworks */,
				BF158D82239A306A000357F3 /* Resources */,
			);
			buildRules = (
			);
			dependencies = (
				BF158D86239A306A000357F3 /* PBXTargetDependency */,
			);
			name = ParkedTests;
			productName = ParkedTests;
			productReference = BF158D84239A306A000357F3 /* ParkedTests.xctest */;
			productType = "com.apple.product-type.bundle.unit-test";
		};
		BF158D8E239A306B000357F3 /* ParkedUITests */ = {
			isa = PBXNativeTarget;
			buildConfigurationList = BF158D9E239A306B000357F3 /* Build configuration list for PBXNativeTarget "ParkedUITests" */;
			buildPhases = (
				BF158D8B239A306B000357F3 /* Sources */,
				BF158D8C239A306B000357F3 /* Frameworks */,
				BF158D8D239A306B000357F3 /* Resources */,
			);
			buildRules = (
			);
			dependencies = (
				BF158D91239A306B000357F3 /* PBXTargetDependency */,
			);
			name = ParkedUITests;
			productName = ParkedUITests;
			productReference = BF158D8F239A306B000357F3 /* ParkedUITests.xctest */;
			productType = "com.apple.product-type.bundle.ui-testing";
		};
/* End PBXNativeTarget section */

/* Begin PBXProject section */
		BF158D66239A3064000357F3 /* Project object */ = {
			isa = PBXProject;
			attributes = {
				LastSwiftUpdateCheck = 1100;
				LastUpgradeCheck = 1100;
				ORGANIZATIONNAME = "Zain Khan";
				TargetAttributes = {
					BF158D6D239A3064000357F3 = {
						CreatedOnToolsVersion = 11.0;
					};
					BF158D83239A306A000357F3 = {
						CreatedOnToolsVersion = 11.0;
						TestTargetID = BF158D6D239A3064000357F3;
					};
					BF158D8E239A306B000357F3 = {
						CreatedOnToolsVersion = 11.0;
						TestTargetID = BF158D6D239A3064000357F3;
					};
				};
			};
			buildConfigurationList = BF158D69239A3064000357F3 /* Build configuration list for PBXProject "Parked" */;
			compatibilityVersion = "Xcode 9.3";
			developmentRegion = en;
			hasScannedForEncodings = 0;
			knownRegions = (
				en,
				Base,
			);
			mainGroup = BF158D65239A3064000357F3;
			productRefGroup = BF158D6F239A3064000357F3 /* Products */;
			projectDirPath = "";
			projectRoot = "";
			targets = (
				BF158D6D239A3064000357F3 /* Parked */,
				BF158D83239A306A000357F3 /* ParkedTests */,
				BF158D8E239A306B000357F3 /* ParkedUITests */,
			);
		};
/* End PBXProject section */

/* Begin PBXResourcesBuildPhase section */
		BF158D6C239A3064000357F3 /* Resources */ = {
			isa = PBXResourcesBuildPhase;
			buildActionMask = 2147483647;
			files = (
				BF158D7E239A306A000357F3 /* LaunchScreen.storyboard in Resources */,
				BF158D7B239A306A000357F3 /* Assets.xcassets in Resources */,
				BF158D79239A3064000357F3 /* Main.storyboard in Resources */,
			);
			runOnlyForDeploymentPostprocessing = 0;
		};
		BF158D82239A306A000357F3 /* Resources */ = {
			isa = PBXResourcesBuildPhase;
			buildActionMask = 2147483647;
			files = (
			);
			runOnlyForDeploymentPostprocessing = 0;
		};
		BF158D8D239A306B000357F3 /* Resources */ = {
			isa = PBXResourcesBuildPhase;
			buildActionMask = 2147483647;
			files = (
			);
			runOnlyForDeploymentPostprocessing = 0;
		};
/* End PBXResourcesBuildPhase section */

/* Begin PBXSourcesBuildPhase section */
		BF158D6A239A3064000357F3 /* Sources */ = {
			isa = PBXSourcesBuildPhase;
			buildActionMask = 2147483647;
			files = (
				BF158D76239A3064000357F3 /* ViewController.swift in Sources */,
				BF158D72239A3064000357F3 /* AppDelegate.swift in Sources */,
				BF158D74239A3064000357F3 /* SceneDelegate.swift in Sources */,
			);
			runOnlyForDeploymentPostprocessing = 0;
		};
		BF158D80239A306A000357F3 /* Sources */ = {
			isa = PBXSourcesBuildPhase;
			buildActionMask = 2147483647;
			files = (
				BF158D89239A306A000357F3 /* ParkedTests.swift in Sources */,
			);
			runOnlyForDeploymentPostprocessing = 0;
		};
		BF158D8B239A306B000357F3 /* Sources */ = {
			isa = PBXSourcesBuildPhase;
			buildActionMask = 2147483647;
			files = (
				BF158D94239A306B000357F3 /* ParkedUITests.swift in Sources */,
			);
			runOnlyForDeploymentPostprocessing = 0;
		};
/* End PBXSourcesBuildPhase section */

/* Begin PBXTargetDependency section */
		BF158D86239A306A000357F3 /* PBXTargetDependency */ = {
			isa = PBXTargetDependency;
			target = BF158D6D239A3064000357F3 /* Parked */;
			targetProxy = BF158D85239A306A000357F3 /* PBXContainerItemProxy */;
		};
		BF158D91239A306B000357F3 /* PBXTargetDependency */ = {
			isa = PBXTargetDependency;
			target = BF158D6D239A3064000357F3 /* Parked */;
			targetProxy = BF158D90239A306B000357F3 /* PBXContainerItemProxy */;
		};
/* End PBXTargetDependency section */

/* Begin PBXVariantGroup section */
		BF158D77239A3064000357F3 /* Main.storyboard */ = {
			isa = PBXVariantGroup;
			children = (
				BF158D78239A3064000357F3 /* Base */,
			);
			name = Main.storyboard;
			sourceTree = "<group>";
		};
		BF158D7C239A306A000357F3 /* LaunchScreen.storyboard */ = {
			isa = PBXVariantGroup;
			children = (
				BF158D7D239A306A000357F3 /* Base */,
			);
			name = LaunchScreen.storyboard;
			sourceTree = "<group>";
		};
/* End PBXVariantGroup section */

/* Begin XCBuildConfiguration section */
		BF158D96239A306B000357F3 /* Debug */ = {
			isa = XCBuildConfiguration;
			buildSettings = {
				ALWAYS_SEARCH_USER_PATHS = NO;
				CLANG_ANALYZER_NONNULL = YES;
				CLANG_ANALYZER_NUMBER_OBJECT_CONVERSION = YES_AGGRESSIVE;
				CLANG_CXX_LANGUAGE_STANDARD = "gnu++14";
				CLANG_CXX_LIBRARY = "libc++";
				CLANG_ENABLE_MODULES = YES;
				CLANG_ENABLE_OBJC_ARC = YES;
				CLANG_ENABLE_OBJC_WEAK = YES;
				CLANG_WARN_BLOCK_CAPTURE_AUTORELEASING = YES;
				CLANG_WARN_BOOL_CONVERSION = YES;
				CLANG_WARN_COMMA = YES;
				CLANG_WARN_CONSTANT_CONVERSION = YES;
				CLANG_WARN_DEPRECATED_OBJC_IMPLEMENTATIONS = YES;
				CLANG_WARN_DIRECT_OBJC_ISA_USAGE = YES_ERROR;
				CLANG_WARN_DOCUMENTATION_COMMENTS = YES;
				CLANG_WARN_EMPTY_BODY = YES;
				CLANG_WARN_ENUM_CONVERSION = YES;
				CLANG_WARN_INFINITE_RECURSION = YES;
				CLANG_WARN_INT_CONVERSION = YES;
				CLANG_WARN_NON_LITERAL_NULL_CONVERSION = YES;
				CLANG_WARN_OBJC_IMPLICIT_RETAIN_SELF = YES;
				CLANG_WARN_OBJC_LITERAL_CONVERSION = YES;
				CLANG_WARN_OBJC_ROOT_CLASS = YES_ERROR;
				CLANG_WARN_RANGE_LOOP_ANALYSIS = YES;
				CLANG_WARN_STRICT_PROTOTYPES = YES;
				CLANG_WARN_SUSPICIOUS_MOVE = YES;
				CLANG_WARN_UNGUARDED_AVAILABILITY = YES_AGGRESSIVE;
				CLANG_WARN_UNREACHABLE_CODE = YES;
				CLANG_WARN__DUPLICATE_METHOD_MATCH = YES;
				COPY_PHASE_STRIP = NO;
				DEBUG_INFORMATION_FORMAT = dwarf;
				ENABLE_STRICT_OBJC_MSGSEND = YES;
				ENABLE_TESTABILITY = YES;
				GCC_C_LANGUAGE_STANDARD = gnu11;
				GCC_DYNAMIC_NO_PIC = NO;
				GCC_NO_COMMON_BLOCKS = YES;
				GCC_OPTIMIZATION_LEVEL = 0;
				GCC_PREPROCESSOR_DEFINITIONS = (
					"DEBUG=1",
					"$(inherited)",
				);
				GCC_WARN_64_TO_32_BIT_CONVERSION = YES;
				GCC_WARN_ABOUT_RETURN_TYPE = YES_ERROR;
				GCC_WARN_UNDECLARED_SELECTOR = YES;
				GCC_WARN_UNINITIALIZED_AUTOS = YES_AGGRESSIVE;
				GCC_WARN_UNUSED_FUNCTION = YES;
				GCC_WARN_UNUSED_VARIABLE = YES;
				IPHONEOS_DEPLOYMENT_TARGET = 13.0;
				MTL_ENABLE_DEBUG_INFO = INCLUDE_SOURCE;
				MTL_FAST_MATH = YES;
				ONLY_ACTIVE_ARCH = YES;
				SDKROOT = iphoneos;
				SWIFT_ACTIVE_COMPILATION_CONDITIONS = DEBUG;
				SWIFT_OPTIMIZATION_LEVEL = "-Onone";
			};
			name = Debug;
		};
		BF158D97239A306B000357F3 /* Release */ = {
			isa = XCBuildConfiguration;
			buildSettings = {
				ALWAYS_SEARCH_USER_PATHS = NO;
				CLANG_ANALYZER_NONNULL = YES;
				CLANG_ANALYZER_NUMBER_OBJECT_CONVERSION = YES_AGGRESSIVE;
				CLANG_CXX_LANGUAGE_STANDARD = "gnu++14";
				CLANG_CXX_LIBRARY = "libc++";
				CLANG_ENABLE_MODULES = YES;
				CLANG_ENABLE_OBJC_ARC = YES;
				CLANG_ENABLE_OBJC_WEAK = YES;
				CLANG_WARN_BLOCK_CAPTURE_AUTORELEASING = YES;
				CLANG_WARN_BOOL_CONVERSION = YES;
				CLANG_WARN_COMMA = YES;
				CLANG_WARN_CONSTANT_CONVERSION = YES;
				CLANG_WARN_DEPRECATED_OBJC_IMPLEMENTATIONS = YES;
				CLANG_WARN_DIRECT_OBJC_ISA_USAGE = YES_ERROR;
				CLANG_WARN_DOCUMENTATION_COMMENTS = YES;
				CLANG_WARN_EMPTY_BODY = YES;
				CLANG_WARN_ENUM_CONVERSION = YES;
				CLANG_WARN_INFINITE_RECURSION = YES;
				CLANG_WARN_INT_CONVERSION = YES;
				CLANG_WARN_NON_LITERAL_NULL_CONVERSION = YES;
				CLANG_WARN_OBJC_IMPLICIT_RETAIN_SELF = YES;
				CLANG_WARN_OBJC_LITERAL_CONVERSION = YES;
				CLANG_WARN_OBJC_ROOT_CLASS = YES_ERROR;
				CLANG_WARN_RANGE_LOOP_ANALYSIS = YES;
				CLANG_WARN_STRICT_PROTOTYPES = YES;
				CLANG_WARN_SUSPICIOUS_MOVE = YES;
				CLANG_WARN_UNGUARDED_AVAILABILITY = YES_AGGRESSIVE;
				CLANG_WARN_UNREACHABLE_CODE = YES;
				CLANG_WARN__DUPLICATE_METHOD_MATCH = YES;
				COPY_PHASE_STRIP = NO;
				DEBUG_INFORMATION_FORMAT = "dwarf-with-dsym";
				ENABLE_NS_ASSERTIONS = NO;
				ENABLE_STRICT_OBJC_MSGSEND = YES;
				GCC_C_LANGUAGE_STANDARD = gnu11;
				GCC_NO_COMMON_BLOCKS = YES;
				GCC_WARN_64_TO_32_BIT_CONVERSION = YES;
				GCC_WARN_ABOUT_RETURN_TYPE = YES_ERROR;
				GCC_WARN_UNDECLARED_SELECTOR = YES;
				GCC_WARN_UNINITIALIZED_AUTOS = YES_AGGRESSIVE;
				GCC_WARN_UNUSED_FUNCTION = YES;
				GCC_WARN_UNUSED_VARIABLE = YES;
				IPHONEOS_DEPLOYMENT_TARGET = 13.0;
				MTL_ENABLE_DEBUG_INFO = NO;
				MTL_FAST_MATH = YES;
				SDKROOT = iphoneos;
				SWIFT_COMPILATION_MODE = wholemodule;
				SWIFT_OPTIMIZATION_LEVEL = "-O";
				VALIDATE_PRODUCT = YES;
			};
			name = Release;
		};
		BF158D99239A306B000357F3 /* Debug */ = {
			isa = XCBuildConfiguration;
			buildSettings = {
				ASSETCATALOG_COMPILER_APPICON_NAME = AppIcon;
				CODE_SIGN_STYLE = Automatic;
				DEVELOPMENT_TEAM = 69KDPD85T8;
				INFOPLIST_FILE = Parked/Info.plist;
				LD_RUNPATH_SEARCH_PATHS = (
					"$(inherited)",
					"@executable_path/Frameworks",
				);
				PRODUCT_BUNDLE_IDENTIFIER = za.Parked;
				PRODUCT_NAME = "$(TARGET_NAME)";
				SWIFT_VERSION = 5.0;
				TARGETED_DEVICE_FAMILY = "1,2";
			};
			name = Debug;
		};
		BF158D9A239A306B000357F3 /* Release */ = {
			isa = XCBuildConfiguration;
			buildSettings = {
				ASSETCATALOG_COMPILER_APPICON_NAME = AppIcon;
				CODE_SIGN_STYLE = Automatic;
				DEVELOPMENT_TEAM = 69KDPD85T8;
				INFOPLIST_FILE = Parked/Info.plist;
				LD_RUNPATH_SEARCH_PATHS = (
					"$(inherited)",
					"@executable_path/Frameworks",
				);
				PRODUCT_BUNDLE_IDENTIFIER = za.Parked;
				PRODUCT_NAME = "$(TARGET_NAME)";
				SWIFT_VERSION = 5.0;
				TARGETED_DEVICE_FAMILY = "1,2";
			};
			name = Release;
		};
		BF158D9C239A306B000357F3 /* Debug */ = {
			isa = XCBuildConfiguration;
			buildSettings = {
				ALWAYS_EMBED_SWIFT_STANDARD_LIBRARIES = YES;
				BUNDLE_LOADER = "$(TEST_HOST)";
				CODE_SIGN_STYLE = Automatic;
				DEVELOPMENT_TEAM = 69KDPD85T8;
				INFOPLIST_FILE = ParkedTests/Info.plist;
				IPHONEOS_DEPLOYMENT_TARGET = 13.0;
				LD_RUNPATH_SEARCH_PATHS = (
					"$(inherited)",
					"@executable_path/Frameworks",
					"@loader_path/Frameworks",
				);
				PRODUCT_BUNDLE_IDENTIFIER = za.ParkedTests;
				PRODUCT_NAME = "$(TARGET_NAME)";
				SWIFT_VERSION = 5.0;
				TARGETED_DEVICE_FAMILY = "1,2";
				TEST_HOST = "$(BUILT_PRODUCTS_DIR)/Parked.app/Parked";
			};
			name = Debug;
		};
		BF158D9D239A306B000357F3 /* Release */ = {
			isa = XCBuildConfiguration;
			buildSettings = {
				ALWAYS_EMBED_SWIFT_STANDARD_LIBRARIES = YES;
				BUNDLE_LOADER = "$(TEST_HOST)";
				CODE_SIGN_STYLE = Automatic;
				DEVELOPMENT_TEAM = 69KDPD85T8;
				INFOPLIST_FILE = ParkedTests/Info.plist;
				IPHONEOS_DEPLOYMENT_TARGET = 13.0;
				LD_RUNPATH_SEARCH_PATHS = (
					"$(inherited)",
					"@executable_path/Frameworks",
					"@loader_path/Frameworks",
				);
				PRODUCT_BUNDLE_IDENTIFIER = za.ParkedTests;
				PRODUCT_NAME = "$(TARGET_NAME)";
				SWIFT_VERSION = 5.0;
				TARGETED_DEVICE_FAMILY = "1,2";
				TEST_HOST = "$(BUILT_PRODUCTS_DIR)/Parked.app/Parked";
			};
			name = Release;
		};
		BF158D9F239A306B000357F3 /* Debug */ = {
			isa = XCBuildConfiguration;
			buildSettings = {
				ALWAYS_EMBED_SWIFT_STANDARD_LIBRARIES = YES;
				CODE_SIGN_STYLE = Automatic;
				DEVELOPMENT_TEAM = 69KDPD85T8;
				INFOPLIST_FILE = ParkedUITests/Info.plist;
				LD_RUNPATH_SEARCH_PATHS = (
					"$(inherited)",
					"@executable_path/Frameworks",
					"@loader_path/Frameworks",
				);
				PRODUCT_BUNDLE_IDENTIFIER = za.ParkedUITests;
				PRODUCT_NAME = "$(TARGET_NAME)";
				SWIFT_VERSION = 5.0;
				TARGETED_DEVICE_FAMILY = "1,2";
				TEST_TARGET_NAME = Parked;
			};
			name = Debug;
		};
		BF158DA0239A306B000357F3 /* Release */ = {
			isa = XCBuildConfiguration;
			buildSettings = {
				ALWAYS_EMBED_SWIFT_STANDARD_LIBRARIES = YES;
				CODE_SIGN_STYLE = Automatic;
				DEVELOPMENT_TEAM = 69KDPD85T8;
				INFOPLIST_FILE = ParkedUITests/Info.plist;
				LD_RUNPATH_SEARCH_PATHS = (
					"$(inherited)",
					"@executable_path/Frameworks",
					"@loader_path/Frameworks",
				);
				PRODUCT_BUNDLE_IDENTIFIER = za.ParkedUITests;
				PRODUCT_NAME = "$(TARGET_NAME)";
				SWIFT_VERSION = 5.0;
				TARGETED_DEVICE_FAMILY = "1,2";
				TEST_TARGET_NAME = Parked;
			};
			name = Release;
		};
/* End XCBuildConfiguration section */

/* Begin XCConfigurationList section */
		BF158D69239A3064000357F3 /* Build configuration list for PBXProject "Parked" */ = {
			isa = XCConfigurationList;
			buildConfigurations = (
				BF158D96239A306B000357F3 /* Debug */,
				BF158D97239A306B000357F3 /* Release */,
			);
			defaultConfigurationIsVisible = 0;
			defaultConfigurationName = Release;
		};
		BF158D98239A306B000357F3 /* Build configuration list for PBXNativeTarget "Parked" */ = {
			isa = XCConfigurationList;
			buildConfigurations = (
				BF158D99239A306B000357F3 /* Debug */,
				BF158D9A239A306B000357F3 /* Release */,
			);
			defaultConfigurationIsVisible = 0;
			defaultConfigurationName = Release;
		};
		BF158D9B239A306B000357F3 /* Build configuration list for PBXNativeTarget "ParkedTests" */ = {
			isa = XCConfigurationList;
			buildConfigurations = (
				BF158D9C239A306B000357F3 /* Debug */,
				BF158D9D239A306B000357F3 /* Release */,
			);
			defaultConfigurationIsVisible = 0;
			defaultConfigurationName = Release;
		};
		BF158D9E239A306B000357F3 /* Build configuration list for PBXNativeTarget "ParkedUITests" */ = {
			isa = XCConfigurationList;
			buildConfigurations = (
				BF158D9F239A306B000357F3 /* Debug */,
				BF158DA0239A306B000357F3 /* Release */,
			);
			defaultConfigurationIsVisible = 0;
			defaultConfigurationName = Release;
		};
/* End XCConfigurationList section */
	};
	rootObject = BF158D66239A3064000357F3 /* Project object */;
}
